// !$*UTF8*$!
{
	archiveVersion = 1;
	classes = {
	};
	objectVersion = 50;
	objects = {

/* Begin PBXBuildFile section */
		F71098BA26F1FDB9001DCA1E /* DishViewModel.swift in Sources */ = {isa = PBXBuildFile; fileRef = F71098B926F1FDB9001DCA1E /* DishViewModel.swift */; };
		F7588B8426F09E7F00B1390C /* AppDelegate.swift in Sources */ = {isa = PBXBuildFile; fileRef = F7588B8326F09E7F00B1390C /* AppDelegate.swift */; };
		F7588B8626F09E7F00B1390C /* SceneDelegate.swift in Sources */ = {isa = PBXBuildFile; fileRef = F7588B8526F09E7F00B1390C /* SceneDelegate.swift */; };
		F7588B8B26F09E7F00B1390C /* Main.storyboard in Resources */ = {isa = PBXBuildFile; fileRef = F7588B8926F09E7F00B1390C /* Main.storyboard */; };
		F7588B8D26F09E8100B1390C /* Assets.xcassets in Resources */ = {isa = PBXBuildFile; fileRef = F7588B8C26F09E8100B1390C /* Assets.xcassets */; };
		F7588B9026F09E8100B1390C /* LaunchScreen.storyboard in Resources */ = {isa = PBXBuildFile; fileRef = F7588B8E26F09E8100B1390C /* LaunchScreen.storyboard */; };
		F7588B9926F0A38400B1390C /* TableViewController.swift in Sources */ = {isa = PBXBuildFile; fileRef = F7588B9826F0A38400B1390C /* TableViewController.swift */; };
		F7588B9D26F0A4CE00B1390C /* TableViewCell.swift in Sources */ = {isa = PBXBuildFile; fileRef = F7588B9C26F0A4CE00B1390C /* TableViewCell.swift */; };
		F7F5479C26F0ADCF00DD3F61 /* Dish.swift in Sources */ = {isa = PBXBuildFile; fileRef = F7F5479B26F0ADCF00DD3F61 /* Dish.swift */; };
/* End PBXBuildFile section */

/* Begin PBXFileReference section */
		F71098B926F1FDB9001DCA1E /* DishViewModel.swift */ = {isa = PBXFileReference; lastKnownFileType = sourcecode.swift; path = DishViewModel.swift; sourceTree = "<group>"; };
		F7588B8026F09E7F00B1390C /* DishesList.app */ = {isa = PBXFileReference; explicitFileType = wrapper.application; includeInIndex = 0; path = DishesList.app; sourceTree = BUILT_PRODUCTS_DIR; };
		F7588B8326F09E7F00B1390C /* AppDelegate.swift */ = {isa = PBXFileReference; lastKnownFileType = sourcecode.swift; path = AppDelegate.swift; sourceTree = "<group>"; };
		F7588B8526F09E7F00B1390C /* SceneDelegate.swift */ = {isa = PBXFileReference; lastKnownFileType = sourcecode.swift; path = SceneDelegate.swift; sourceTree = "<group>"; };
		F7588B8A26F09E7F00B1390C /* Base */ = {isa = PBXFileReference; lastKnownFileType = file.storyboard; name = Base; path = Base.lproj/Main.storyboard; sourceTree = "<group>"; };
		F7588B8C26F09E8100B1390C /* Assets.xcassets */ = {isa = PBXFileReference; lastKnownFileType = folder.assetcatalog; path = Assets.xcassets; sourceTree = "<group>"; };
		F7588B8F26F09E8100B1390C /* Base */ = {isa = PBXFileReference; lastKnownFileType = file.storyboard; name = Base; path = Base.lproj/LaunchScreen.storyboard; sourceTree = "<group>"; };
		F7588B9126F09E8100B1390C /* Info.plist */ = {isa = PBXFileReference; lastKnownFileType = text.plist.xml; path = Info.plist; sourceTree = "<group>"; };
		F7588B9826F0A38400B1390C /* TableViewController.swift */ = {isa = PBXFileReference; lastKnownFileType = sourcecode.swift; path = TableViewController.swift; sourceTree = "<group>"; };
		F7588B9C26F0A4CE00B1390C /* TableViewCell.swift */ = {isa = PBXFileReference; lastKnownFileType = sourcecode.swift; path = TableViewCell.swift; sourceTree = "<group>"; };
		F7F5479B26F0ADCF00DD3F61 /* Dish.swift */ = {isa = PBXFileReference; lastKnownFileType = sourcecode.swift; path = Dish.swift; sourceTree = "<group>"; };
/* End PBXFileReference section */

/* Begin PBXFrameworksBuildPhase section */
		F7588B7D26F09E7F00B1390C /* Frameworks */ = {
			isa = PBXFrameworksBuildPhase;
			buildActionMask = 2147483647;
			files = (
			);
			runOnlyForDeploymentPostprocessing = 0;
		};
/* End PBXFrameworksBuildPhase section */

/* Begin PBXGroup section */
		F7588B7726F09E7F00B1390C = {
			isa = PBXGroup;
			children = (
				F7588B8226F09E7F00B1390C /* DishesList */,
				F7588B8126F09E7F00B1390C /* Products */,
			);
			sourceTree = "<group>";
		};
		F7588B8126F09E7F00B1390C /* Products */ = {
			isa = PBXGroup;
			children = (
				F7588B8026F09E7F00B1390C /* DishesList.app */,
			);
			name = Products;
			sourceTree = "<group>";
		};
		F7588B8226F09E7F00B1390C /* DishesList */ = {
			isa = PBXGroup;
			children = (
				F7588B8326F09E7F00B1390C /* AppDelegate.swift */,
				F7588B8526F09E7F00B1390C /* SceneDelegate.swift */,
				F7F5479626F0A9B000DD3F61 /* Models */,
				F7F5479526F0A9A900DD3F61 /* ViewModels */,
				F7588B9F26F0A52A00B1390C /* Views */,
				F7588B8C26F09E8100B1390C /* Assets.xcassets */,
				F7588B8E26F09E8100B1390C /* LaunchScreen.storyboard */,
				F7588B9126F09E8100B1390C /* Info.plist */,
			);
			path = DishesList;
			sourceTree = "<group>";
		};
		F7588B9F26F0A52A00B1390C /* Views */ = {
			isa = PBXGroup;
			children = (
				F7588B8926F09E7F00B1390C /* Main.storyboard */,
				F7588B9C26F0A4CE00B1390C /* TableViewCell.swift */,
				F7588B9826F0A38400B1390C /* TableViewController.swift */,
			);
			path = Views;
			sourceTree = "<group>";
		};
		F7F5479526F0A9A900DD3F61 /* ViewModels */ = {
			isa = PBXGroup;
			children = (
				F71098B926F1FDB9001DCA1E /* DishViewModel.swift */,
			);
			path = ViewModels;
			sourceTree = "<group>";
		};
		F7F5479626F0A9B000DD3F61 /* Models */ = {
			isa = PBXGroup;
			children = (
				F7F5479B26F0ADCF00DD3F61 /* Dish.swift */,
			);
			path = Models;
			sourceTree = "<group>";
		};
/* End PBXGroup section */

/* Begin PBXNativeTarget section */
		F7588B7F26F09E7F00B1390C /* DishesList */ = {
			isa = PBXNativeTarget;
			buildConfigurationList = F7588B9426F09E8100B1390C /* Build configuration list for PBXNativeTarget "DishesList" */;
			buildPhases = (
				F7588B7C26F09E7F00B1390C /* Sources */,
				F7588B7D26F09E7F00B1390C /* Frameworks */,
				F7588B7E26F09E7F00B1390C /* Resources */,
			);
			buildRules = (
			);
			dependencies = (
			);
			name = DishesList;
			productName = DishesList;
			productReference = F7588B8026F09E7F00B1390C /* DishesList.app */;
			productType = "com.apple.product-type.application";
		};
/* End PBXNativeTarget section */

/* Begin PBXProject section */
		F7588B7826F09E7F00B1390C /* Project object */ = {
			isa = PBXProject;
			attributes = {
				LastSwiftUpdateCheck = 1240;
				LastUpgradeCheck = 1240;
				TargetAttributes = {
					F7588B7F26F09E7F00B1390C = {
						CreatedOnToolsVersion = 12.4;
					};
				};
			};
			buildConfigurationList = F7588B7B26F09E7F00B1390C /* Build configuration list for PBXProject "DishesList" */;
			compatibilityVersion = "Xcode 9.3";
			developmentRegion = en;
			hasScannedForEncodings = 0;
			knownRegions = (
				en,
				Base,
			);
			mainGroup = F7588B7726F09E7F00B1390C;
			productRefGroup = F7588B8126F09E7F00B1390C /* Products */;
			projectDirPath = "";
			projectRoot = "";
			targets = (
				F7588B7F26F09E7F00B1390C /* DishesList */,
			);
		};
/* End PBXProject section */

/* Begin PBXResourcesBuildPhase section */
		F7588B7E26F09E7F00B1390C /* Resources */ = {
			isa = PBXResourcesBuildPhase;
			buildActionMask = 2147483647;
			files = (
				F7588B9026F09E8100B1390C /* LaunchScreen.storyboard in Resources */,
				F7588B8D26F09E8100B1390C /* Assets.xcassets in Resources */,
				F7588B8B26F09E7F00B1390C /* Main.storyboard in Resources */,
			);
			runOnlyForDeploymentPostprocessing = 0;
		};
/* End PBXResourcesBuildPhase section */

/* Begin PBXSourcesBuildPhase section */
		F7588B7C26F09E7F00B1390C /* Sources */ = {
			isa = PBXSourcesBuildPhase;
			buildActionMask = 2147483647;
			files = (
				F71098BA26F1FDB9001DCA1E /* DishViewModel.swift in Sources */,
				F7588B8426F09E7F00B1390C /* AppDelegate.swift in Sources */,
				F7F5479C26F0ADCF00DD3F61 /* Dish.swift in Sources */,
				F7588B9D26F0A4CE00B1390C /* TableViewCell.swift in Sources */,
				F7588B8626F09E7F00B1390C /* SceneDelegate.swift in Sources */,
				F7588B9926F0A38400B1390C /* TableViewController.swift in Sources */,
			);
			runOnlyForDeploymentPostprocessing = 0;
		};
/* End PBXSourcesBuildPhase section */

/* Begin PBXVariantGroup section */
		F7588B8926F09E7F00B1390C /* Main.storyboard */ = {
			isa = PBXVariantGroup;
			children = (
				F7588B8A26F09E7F00B1390C /* Base */,
			);
			name = Main.storyboard;
			sourceTree = "<group>";
		};
		F7588B8E26F09E8100B1390C /* LaunchScreen.storyboard */ = {
			isa = PBXVariantGroup;
			children = (
				F7588B8F26F09E8100B1390C /* Base */,
			);
			name = LaunchScreen.storyboard;
			sourceTree = "<group>";
		};
/* End PBXVariantGroup section */

/* Begin XCBuildConfiguration section */
		F7588B9226F09E8100B1390C /* Debug */ = {
			isa = XCBuildConfiguration;
			buildSettings = {
				ALWAYS_SEARCH_USER_PATHS = NO;
				CLANG_ANALYZER_NONNULL = YES;
				CLANG_ANALYZER_NUMBER_OBJECT_CONVERSION = YES_AGGRESSIVE;
				CLANG_CXX_LANGUAGE_STANDARD = "gnu++14";
				CLANG_CXX_LIBRARY = "libc++";
				CLANG_ENABLE_MODULES = YES;
				CLANG_ENABLE_OBJC_ARC = YES;
				CLANG_ENABLE_OBJC_WEAK = YES;
				CLANG_WARN_BLOCK_CAPTURE_AUTORELEASING = YES;
				CLANG_WARN_BOOL_CONVERSION = YES;
				CLANG_WARN_COMMA = YES;
				CLANG_WARN_CONSTANT_CONVERSION = YES;
				CLANG_WARN_DEPRECATED_OBJC_IMPLEMENTATIONS = YES;
				CLANG_WARN_DIRECT_OBJC_ISA_USAGE = YES_ERROR;
				CLANG_WARN_DOCUMENTATION_COMMENTS = YES;
				CLANG_WARN_EMPTY_BODY = YES;
				CLANG_WARN_ENUM_CONVERSION = YES;
				CLANG_WARN_INFINITE_RECURSION = YES;
				CLANG_WARN_INT_CONVERSION = YES;
				CLANG_WARN_NON_LITERAL_NULL_CONVERSION = YES;
				CLANG_WARN_OBJC_IMPLICIT_RETAIN_SELF = YES;
				CLANG_WARN_OBJC_LITERAL_CONVERSION = YES;
				CLANG_WARN_OBJC_ROOT_CLASS = YES_ERROR;
				CLANG_WARN_QUOTED_INCLUDE_IN_FRAMEWORK_HEADER = YES;
				CLANG_WARN_RANGE_LOOP_ANALYSIS = YES;
				CLANG_WARN_STRICT_PROTOTYPES = YES;
				CLANG_WARN_SUSPICIOUS_MOVE = YES;
				CLANG_WARN_UNGUARDED_AVAILABILITY = YES_AGGRESSIVE;
				CLANG_WARN_UNREACHABLE_CODE = YES;
				CLANG_WARN__DUPLICATE_METHOD_MATCH = YES;
				COPY_PHASE_STRIP = NO;
				DEBUG_INFORMATION_FORMAT = dwarf;
				ENABLE_STRICT_OBJC_MSGSEND = YES;
				ENABLE_TESTABILITY = YES;
				GCC_C_LANGUAGE_STANDARD = gnu11;
				GCC_DYNAMIC_NO_PIC = NO;
				GCC_NO_COMMON_BLOCKS = YES;
				GCC_OPTIMIZATION_LEVEL = 0;
				GCC_PREPROCESSOR_DEFINITIONS = (
					"DEBUG=1",
					"$(inherited)",
				);
				GCC_WARN_64_TO_32_BIT_CONVERSION = YES;
				GCC_WARN_ABOUT_RETURN_TYPE = YES_ERROR;
				GCC_WARN_UNDECLARED_SELECTOR = YES;
				GCC_WARN_UNINITIALIZED_AUTOS = YES_AGGRESSIVE;
				GCC_WARN_UNUSED_FUNCTION = YES;
				GCC_WARN_UNUSED_VARIABLE = YES;
				IPHONEOS_DEPLOYMENT_TARGET = 14.4;
				MTL_ENABLE_DEBUG_INFO = INCLUDE_SOURCE;
				MTL_FAST_MATH = YES;
				ONLY_ACTIVE_ARCH = YES;
				SDKROOT = iphoneos;
				SWIFT_ACTIVE_COMPILATION_CONDITIONS = DEBUG;
				SWIFT_OPTIMIZATION_LEVEL = "-Onone";
			};
			name = Debug;
		};
		F7588B9326F09E8100B1390C /* Release */ = {
			isa = XCBuildConfiguration;
			buildSettings = {
				ALWAYS_SEARCH_USER_PATHS = NO;
				CLANG_ANALYZER_NONNULL = YES;
				CLANG_ANALYZER_NUMBER_OBJECT_CONVERSION = YES_AGGRESSIVE;
				CLANG_CXX_LANGUAGE_STANDARD = "gnu++14";
				CLANG_CXX_LIBRARY = "libc++";
				CLANG_ENABLE_MODULES = YES;
				CLANG_ENABLE_OBJC_ARC = YES;
				CLANG_ENABLE_OBJC_WEAK = YES;
				CLANG_WARN_BLOCK_CAPTURE_AUTORELEASING = YES;
				CLANG_WARN_BOOL_CONVERSION = YES;
				CLANG_WARN_COMMA = YES;
				CLANG_WARN_CONSTANT_CONVERSION = YES;
				CLANG_WARN_DEPRECATED_OBJC_IMPLEMENTATIONS = YES;
				CLANG_WARN_DIRECT_OBJC_ISA_USAGE = YES_ERROR;
				CLANG_WARN_DOCUMENTATION_COMMENTS = YES;
				CLANG_WARN_EMPTY_BODY = YES;
				CLANG_WARN_ENUM_CONVERSION = YES;
				CLANG_WARN_INFINITE_RECURSION = YES;
				CLANG_WARN_INT_CONVERSION = YES;
				CLANG_WARN_NON_LITERAL_NULL_CONVERSION = YES;
				CLANG_WARN_OBJC_IMPLICIT_RETAIN_SELF = YES;
				CLANG_WARN_OBJC_LITERAL_CONVERSION = YES;
				CLANG_WARN_OBJC_ROOT_CLASS = YES_ERROR;
				CLANG_WARN_QUOTED_INCLUDE_IN_FRAMEWORK_HEADER = YES;
				CLANG_WARN_RANGE_LOOP_ANALYSIS = YES;
				CLANG_WARN_STRICT_PROTOTYPES = YES;
				CLANG_WARN_SUSPICIOUS_MOVE = YES;
				CLANG_WARN_UNGUARDED_AVAILABILITY = YES_AGGRESSIVE;
				CLANG_WARN_UNREACHABLE_CODE = YES;
				CLANG_WARN__DUPLICATE_METHOD_MATCH = YES;
				COPY_PHASE_STRIP = NO;
				DEBUG_INFORMATION_FORMAT = "dwarf-with-dsym";
				ENABLE_NS_ASSERTIONS = NO;
				ENABLE_STRICT_OBJC_MSGSEND = YES;
				GCC_C_LANGUAGE_STANDARD = gnu11;
				GCC_NO_COMMON_BLOCKS = YES;
				GCC_WARN_64_TO_32_BIT_CONVERSION = YES;
				GCC_WARN_ABOUT_RETURN_TYPE = YES_ERROR;
				GCC_WARN_UNDECLARED_SELECTOR = YES;
				GCC_WARN_UNINITIALIZED_AUTOS = YES_AGGRESSIVE;
				GCC_WARN_UNUSED_FUNCTION = YES;
				GCC_WARN_UNUSED_VARIABLE = YES;
				IPHONEOS_DEPLOYMENT_TARGET = 14.4;
				MTL_ENABLE_DEBUG_INFO = NO;
				MTL_FAST_MATH = YES;
				SDKROOT = iphoneos;
				SWIFT_COMPILATION_MODE = wholemodule;
				SWIFT_OPTIMIZATION_LEVEL = "-O";
				VALIDATE_PRODUCT = YES;
			};
			name = Release;
		};
		F7588B9526F09E8100B1390C /* Debug */ = {
			isa = XCBuildConfiguration;
			buildSettings = {
				ASSETCATALOG_COMPILER_APPICON_NAME = AppIcon;
				ASSETCATALOG_COMPILER_GLOBAL_ACCENT_COLOR_NAME = AccentColor;
				CODE_SIGN_STYLE = Automatic;
				DEVELOPMENT_TEAM = 3CGX6FK4SR;
				INFOPLIST_FILE = DishesList/Info.plist;
				LD_RUNPATH_SEARCH_PATHS = (
					"$(inherited)",
					"@executable_path/Frameworks",
				);
				PRODUCT_BUNDLE_IDENTIFIER = com.DishesList;
				PRODUCT_NAME = "$(TARGET_NAME)";
				SWIFT_VERSION = 5.0;
				TARGETED_DEVICE_FAMILY = "1,2";
			};
			name = Debug;
		};
		F7588B9626F09E8100B1390C /* Release */ = {
			isa = XCBuildConfiguration;
			buildSettings = {
				ASSETCATALOG_COMPILER_APPICON_NAME = AppIcon;
				ASSETCATALOG_COMPILER_GLOBAL_ACCENT_COLOR_NAME = AccentColor;
				CODE_SIGN_STYLE = Automatic;
				DEVELOPMENT_TEAM = 3CGX6FK4SR;
				INFOPLIST_FILE = DishesList/Info.plist;
				LD_RUNPATH_SEARCH_PATHS = (
					"$(inherited)",
					"@executable_path/Frameworks",
				);
				PRODUCT_BUNDLE_IDENTIFIER = com.DishesList;
				PRODUCT_NAME = "$(TARGET_NAME)";
				SWIFT_VERSION = 5.0;
				TARGETED_DEVICE_FAMILY = "1,2";
			};
			name = Release;
		};
/* End XCBuildConfiguration section */

/* Begin XCConfigurationList section */
		F7588B7B26F09E7F00B1390C /* Build configuration list for PBXProject "DishesList" */ = {
			isa = XCConfigurationList;
			buildConfigurations = (
				F7588B9226F09E8100B1390C /* Debug */,
				F7588B9326F09E8100B1390C /* Release */,
			);
			defaultConfigurationIsVisible = 0;
			defaultConfigurationName = Release;
		};
		F7588B9426F09E8100B1390C /* Build configuration list for PBXNativeTarget "DishesList" */ = {
			isa = XCConfigurationList;
			buildConfigurations = (
				F7588B9526F09E8100B1390C /* Debug */,
				F7588B9626F09E8100B1390C /* Release */,
			);
			defaultConfigurationIsVisible = 0;
			defaultConfigurationName = Release;
		};
/* End XCConfigurationList section */
	};
	rootObject = F7588B7826F09E7F00B1390C /* Project object */;
}
